// !$*UTF8*$!
{
	archiveVersion = 1;
	classes = {
	};
	objectVersion = 46;
	objects = {

/* Begin PBXBuildFile section */
		1BDA622FBF5C6261BCBEA1FC /* libPods.a in Frameworks */ = {isa = PBXBuildFile; fileRef = 65C0977CC319191146D86C3F /* libPods.a */; };
		3456A93E1ACD673200EA74B0 /* main.m in Sources */ = {isa = PBXBuildFile; fileRef = 3456A93D1ACD673200EA74B0 /* main.m */; };
		3456A9411ACD673200EA74B0 /* AppDelegate.m in Sources */ = {isa = PBXBuildFile; fileRef = 3456A9401ACD673200EA74B0 /* AppDelegate.m */; };
		3456A9471ACD673200EA74B0 /* Main.storyboard in Resources */ = {isa = PBXBuildFile; fileRef = 3456A9451ACD673200EA74B0 /* Main.storyboard */; };
		3456A9491ACD673200EA74B0 /* Images.xcassets in Resources */ = {isa = PBXBuildFile; fileRef = 3456A9481ACD673200EA74B0 /* Images.xcassets */; };
		3456A94C1ACD673200EA74B0 /* LaunchScreen.xib in Resources */ = {isa = PBXBuildFile; fileRef = 3456A94A1ACD673200EA74B0 /* LaunchScreen.xib */; };
		3456A9581ACD673200EA74B0 /* TRZoomTransition_SampleTests.m in Sources */ = {isa = PBXBuildFile; fileRef = 3456A9571ACD673200EA74B0 /* TRZoomTransition_SampleTests.m */; };
		3456A9E71ACDB20C00EA74B0 /* TRZCollectionViewCell.m in Sources */ = {isa = PBXBuildFile; fileRef = 3456A9E51ACDB20C00EA74B0 /* TRZCollectionViewCell.m */; };
		3456A9E81ACDB20C00EA74B0 /* TRZCollectionViewCell.xib in Resources */ = {isa = PBXBuildFile; fileRef = 3456A9E61ACDB20C00EA74B0 /* TRZCollectionViewCell.xib */; };
		346815A81B15DC7200770C18 /* TRZCollectionViewCollectionViewController.m in Sources */ = {isa = PBXBuildFile; fileRef = 3468159E1B15DC7200770C18 /* TRZCollectionViewCollectionViewController.m */; };
		346815A91B15DC7200770C18 /* TRZSingleAssetViewController.m in Sources */ = {isa = PBXBuildFile; fileRef = 346815A01B15DC7200770C18 /* TRZSingleAssetViewController.m */; };
		346815AA1B15DC7200770C18 /* TRZSecondaryNavigationController.m in Sources */ = {isa = PBXBuildFile; fileRef = 346815A31B15DC7200770C18 /* TRZSecondaryNavigationController.m */; };
		346815AB1B15DC7200770C18 /* TRZSettingsViewController.m in Sources */ = {isa = PBXBuildFile; fileRef = 346815A51B15DC7200770C18 /* TRZSettingsViewController.m */; };
		346815AC1B15DC7200770C18 /* TRZViewController.m in Sources */ = {isa = PBXBuildFile; fileRef = 346815A71B15DC7200770C18 /* TRZViewController.m */; };
		346815AF1B15ECAC00770C18 /* TRZDefaultViewController.m in Sources */ = {isa = PBXBuildFile; fileRef = 346815AE1B15ECAC00770C18 /* TRZDefaultViewController.m */; };
		3479FD131B14B29300906F8C /* TRTransitionCoordinator.m in Sources */ = {isa = PBXBuildFile; fileRef = 3479FD121B14B29300906F8C /* TRTransitionCoordinator.m */; };
		348B85181B01060F00AF167F /* TRZNavigationController.m in Sources */ = {isa = PBXBuildFile; fileRef = 348B85171B01060F00AF167F /* TRZNavigationController.m */; };
/* End PBXBuildFile section */

/* Begin PBXContainerItemProxy section */
		3456A9521ACD673200EA74B0 /* PBXContainerItemProxy */ = {
			isa = PBXContainerItemProxy;
			containerPortal = 3456A9301ACD673200EA74B0 /* Project object */;
			proxyType = 1;
			remoteGlobalIDString = 3456A9371ACD673200EA74B0;
			remoteInfo = "TRZoomTransition-Sample";
		};
/* End PBXContainerItemProxy section */

/* Begin PBXFileReference section */
		3456A9381ACD673200EA74B0 /* TRZoomTransition-Sample.app */ = {isa = PBXFileReference; explicitFileType = wrapper.application; includeInIndex = 0; path = "TRZoomTransition-Sample.app"; sourceTree = BUILT_PRODUCTS_DIR; };
		3456A93C1ACD673200EA74B0 /* Info.plist */ = {isa = PBXFileReference; lastKnownFileType = text.plist.xml; path = Info.plist; sourceTree = "<group>"; };
		3456A93D1ACD673200EA74B0 /* main.m */ = {isa = PBXFileReference; lastKnownFileType = sourcecode.c.objc; path = main.m; sourceTree = "<group>"; };
		3456A93F1ACD673200EA74B0 /* AppDelegate.h */ = {isa = PBXFileReference; lastKnownFileType = sourcecode.c.h; path = AppDelegate.h; sourceTree = "<group>"; };
		3456A9401ACD673200EA74B0 /* AppDelegate.m */ = {isa = PBXFileReference; lastKnownFileType = sourcecode.c.objc; path = AppDelegate.m; sourceTree = "<group>"; };
		3456A9461ACD673200EA74B0 /* Base */ = {isa = PBXFileReference; lastKnownFileType = file.storyboard; name = Base; path = Base.lproj/Main.storyboard; sourceTree = "<group>"; };
		3456A9481ACD673200EA74B0 /* Images.xcassets */ = {isa = PBXFileReference; lastKnownFileType = folder.assetcatalog; path = Images.xcassets; sourceTree = "<group>"; };
		3456A94B1ACD673200EA74B0 /* Base */ = {isa = PBXFileReference; lastKnownFileType = file.xib; name = Base; path = Base.lproj/LaunchScreen.xib; sourceTree = "<group>"; };
		3456A9511ACD673200EA74B0 /* TRZoomTransition-SampleTests.xctest */ = {isa = PBXFileReference; explicitFileType = wrapper.cfbundle; includeInIndex = 0; path = "TRZoomTransition-SampleTests.xctest"; sourceTree = BUILT_PRODUCTS_DIR; };
		3456A9561ACD673200EA74B0 /* Info.plist */ = {isa = PBXFileReference; lastKnownFileType = text.plist.xml; path = Info.plist; sourceTree = "<group>"; };
		3456A9571ACD673200EA74B0 /* TRZoomTransition_SampleTests.m */ = {isa = PBXFileReference; lastKnownFileType = sourcecode.c.objc; path = TRZoomTransition_SampleTests.m; sourceTree = "<group>"; };
		3456A9681ACD84E000EA74B0 /* TRZoomTransition-Sample.pch */ = {isa = PBXFileReference; fileEncoding = 4; lastKnownFileType = sourcecode.c.h; path = "TRZoomTransition-Sample.pch"; sourceTree = "<group>"; };
		3456A9E41ACDB20C00EA74B0 /* TRZCollectionViewCell.h */ = {isa = PBXFileReference; fileEncoding = 4; lastKnownFileType = sourcecode.c.h; path = TRZCollectionViewCell.h; sourceTree = "<group>"; };
		3456A9E51ACDB20C00EA74B0 /* TRZCollectionViewCell.m */ = {isa = PBXFileReference; fileEncoding = 4; lastKnownFileType = sourcecode.c.objc; path = TRZCollectionViewCell.m; sourceTree = "<group>"; };
		3456A9E61ACDB20C00EA74B0 /* TRZCollectionViewCell.xib */ = {isa = PBXFileReference; fileEncoding = 4; lastKnownFileType = file.xib; path = TRZCollectionViewCell.xib; sourceTree = "<group>"; };
		3468159D1B15DC7200770C18 /* TRZCollectionViewCollectionViewController.h */ = {isa = PBXFileReference; fileEncoding = 4; lastKnownFileType = sourcecode.c.h; path = TRZCollectionViewCollectionViewController.h; sourceTree = "<group>"; };
		3468159E1B15DC7200770C18 /* TRZCollectionViewCollectionViewController.m */ = {isa = PBXFileReference; fileEncoding = 4; lastKnownFileType = sourcecode.c.objc; path = TRZCollectionViewCollectionViewController.m; sourceTree = "<group>"; };
		3468159F1B15DC7200770C18 /* TRZSingleAssetViewController.h */ = {isa = PBXFileReference; fileEncoding = 4; lastKnownFileType = sourcecode.c.h; path = TRZSingleAssetViewController.h; sourceTree = "<group>"; };
		346815A01B15DC7200770C18 /* TRZSingleAssetViewController.m */ = {isa = PBXFileReference; fileEncoding = 4; lastKnownFileType = sourcecode.c.objc; path = TRZSingleAssetViewController.m; sourceTree = "<group>"; };
		346815A21B15DC7200770C18 /* TRZSecondaryNavigationController.h */ = {isa = PBXFileReference; fileEncoding = 4; lastKnownFileType = sourcecode.c.h; path = TRZSecondaryNavigationController.h; sourceTree = "<group>"; };
		346815A31B15DC7200770C18 /* TRZSecondaryNavigationController.m */ = {isa = PBXFileReference; fileEncoding = 4; lastKnownFileType = sourcecode.c.objc; path = TRZSecondaryNavigationController.m; sourceTree = "<group>"; };
		346815A41B15DC7200770C18 /* TRZSettingsViewController.h */ = {isa = PBXFileReference; fileEncoding = 4; lastKnownFileType = sourcecode.c.h; path = TRZSettingsViewController.h; sourceTree = "<group>"; };
		346815A51B15DC7200770C18 /* TRZSettingsViewController.m */ = {isa = PBXFileReference; fileEncoding = 4; lastKnownFileType = sourcecode.c.objc; path = TRZSettingsViewController.m; sourceTree = "<group>"; };
		346815A61B15DC7200770C18 /* TRZViewController.h */ = {isa = PBXFileReference; fileEncoding = 4; lastKnownFileType = sourcecode.c.h; path = TRZViewController.h; sourceTree = "<group>"; };
		346815A71B15DC7200770C18 /* TRZViewController.m */ = {isa = PBXFileReference; fileEncoding = 4; lastKnownFileType = sourcecode.c.objc; path = TRZViewController.m; sourceTree = "<group>"; };
		346815AD1B15ECAC00770C18 /* TRZDefaultViewController.h */ = {isa = PBXFileReference; fileEncoding = 4; lastKnownFileType = sourcecode.c.h; path = TRZDefaultViewController.h; sourceTree = "<group>"; };
		346815AE1B15ECAC00770C18 /* TRZDefaultViewController.m */ = {isa = PBXFileReference; fileEncoding = 4; lastKnownFileType = sourcecode.c.objc; path = TRZDefaultViewController.m; sourceTree = "<group>"; };
		3479FD111B14B29300906F8C /* TRTransitionCoordinator.h */ = {isa = PBXFileReference; fileEncoding = 4; lastKnownFileType = sourcecode.c.h; path = TRTransitionCoordinator.h; sourceTree = "<group>"; };
		3479FD121B14B29300906F8C /* TRTransitionCoordinator.m */ = {isa = PBXFileReference; fileEncoding = 4; lastKnownFileType = sourcecode.c.objc; path = TRTransitionCoordinator.m; sourceTree = "<group>"; };
		348B85161B01060F00AF167F /* TRZNavigationController.h */ = {isa = PBXFileReference; fileEncoding = 4; lastKnownFileType = sourcecode.c.h; path = TRZNavigationController.h; sourceTree = "<group>"; };
		348B85171B01060F00AF167F /* TRZNavigationController.m */ = {isa = PBXFileReference; fileEncoding = 4; lastKnownFileType = sourcecode.c.objc; path = TRZNavigationController.m; sourceTree = "<group>"; };
		65C0977CC319191146D86C3F /* libPods.a */ = {isa = PBXFileReference; explicitFileType = archive.ar; includeInIndex = 0; path = libPods.a; sourceTree = BUILT_PRODUCTS_DIR; };
		B46C2D5B2B9260A589A0E552 /* Pods.debug.xcconfig */ = {isa = PBXFileReference; includeInIndex = 1; lastKnownFileType = text.xcconfig; name = Pods.debug.xcconfig; path = "Pods/Target Support Files/Pods/Pods.debug.xcconfig"; sourceTree = "<group>"; };
		E0CCA96EAD36BCA2085AE91E /* Pods.release.xcconfig */ = {isa = PBXFileReference; includeInIndex = 1; lastKnownFileType = text.xcconfig; name = Pods.release.xcconfig; path = "Pods/Target Support Files/Pods/Pods.release.xcconfig"; sourceTree = "<group>"; };
/* End PBXFileReference section */

/* Begin PBXFrameworksBuildPhase section */
		3456A9351ACD673200EA74B0 /* Frameworks */ = {
			isa = PBXFrameworksBuildPhase;
			buildActionMask = 2147483647;
			files = (
				1BDA622FBF5C6261BCBEA1FC /* libPods.a in Frameworks */,
			);
			runOnlyForDeploymentPostprocessing = 0;
		};
		3456A94E1ACD673200EA74B0 /* Frameworks */ = {
			isa = PBXFrameworksBuildPhase;
			buildActionMask = 2147483647;
			files = (
			);
			runOnlyForDeploymentPostprocessing = 0;
		};
/* End PBXFrameworksBuildPhase section */

/* Begin PBXGroup section */
		2FE9813C8E08DA4E31C20A8C /* Pods */ = {
			isa = PBXGroup;
			children = (
				B46C2D5B2B9260A589A0E552 /* Pods.debug.xcconfig */,
				E0CCA96EAD36BCA2085AE91E /* Pods.release.xcconfig */,
			);
			name = Pods;
			sourceTree = "<group>";
		};
		3456A92F1ACD673200EA74B0 = {
			isa = PBXGroup;
			children = (
				3456A93A1ACD673200EA74B0 /* TRZoomTransition-Sample */,
				3456A9541ACD673200EA74B0 /* TRZoomTransition-SampleTests */,
				3456A9391ACD673200EA74B0 /* Products */,
				2FE9813C8E08DA4E31C20A8C /* Pods */,
				873C685EEA64DD3DFA5BC3A3 /* Frameworks */,
			);
			sourceTree = "<group>";
		};
		3456A9391ACD673200EA74B0 /* Products */ = {
			isa = PBXGroup;
			children = (
				3456A9381ACD673200EA74B0 /* TRZoomTransition-Sample.app */,
				3456A9511ACD673200EA74B0 /* TRZoomTransition-SampleTests.xctest */,
			);
			name = Products;
			sourceTree = "<group>";
		};
		3456A93A1ACD673200EA74B0 /* TRZoomTransition-Sample */ = {
			isa = PBXGroup;
			children = (
				3479FD0F1B14B27500906F8C /* Business Logic */,
				3456A9E31ACDB1F900EA74B0 /* Components */,
				3456A9641ACD80E800EA74B0 /* Controllers */,
				3456A93F1ACD673200EA74B0 /* AppDelegate.h */,
				3456A9401ACD673200EA74B0 /* AppDelegate.m */,
				3456A9451ACD673200EA74B0 /* Main.storyboard */,
				3456A9481ACD673200EA74B0 /* Images.xcassets */,
				3456A94A1ACD673200EA74B0 /* LaunchScreen.xib */,
				3456A93B1ACD673200EA74B0 /* Supporting Files */,
			);
			path = "TRZoomTransition-Sample";
			sourceTree = "<group>";
		};
		3456A93B1ACD673200EA74B0 /* Supporting Files */ = {
			isa = PBXGroup;
			children = (
				3456A93C1ACD673200EA74B0 /* Info.plist */,
				3456A93D1ACD673200EA74B0 /* main.m */,
				3456A9681ACD84E000EA74B0 /* TRZoomTransition-Sample.pch */,
			);
			name = "Supporting Files";
			sourceTree = "<group>";
		};
		3456A9541ACD673200EA74B0 /* TRZoomTransition-SampleTests */ = {
			isa = PBXGroup;
			children = (
				3456A9571ACD673200EA74B0 /* TRZoomTransition_SampleTests.m */,
				3456A9551ACD673200EA74B0 /* Supporting Files */,
			);
			path = "TRZoomTransition-SampleTests";
			sourceTree = "<group>";
		};
		3456A9551ACD673200EA74B0 /* Supporting Files */ = {
			isa = PBXGroup;
			children = (
				3456A9561ACD673200EA74B0 /* Info.plist */,
			);
			name = "Supporting Files";
			sourceTree = "<group>";
		};
		3456A9641ACD80E800EA74B0 /* Controllers */ = {
			isa = PBXGroup;
			children = (
				3468159B1B15DC7200770C18 /* Default Zoom */,
				3468159C1B15DC7200770C18 /* Zoom To Image */,
				346815A11B15DC7200770C18 /* Zoom To Rect */,
				348B85161B01060F00AF167F /* TRZNavigationController.h */,
				348B85171B01060F00AF167F /* TRZNavigationController.m */,
			);
			path = Controllers;
			sourceTree = "<group>";
		};
		3456A9E31ACDB1F900EA74B0 /* Components */ = {
			isa = PBXGroup;
			children = (
				3456A9E41ACDB20C00EA74B0 /* TRZCollectionViewCell.h */,
				3456A9E51ACDB20C00EA74B0 /* TRZCollectionViewCell.m */,
				3456A9E61ACDB20C00EA74B0 /* TRZCollectionViewCell.xib */,
			);
			path = Components;
			sourceTree = "<group>";
		};
		3468159B1B15DC7200770C18 /* Default Zoom */ = {
			isa = PBXGroup;
			children = (
				346815AD1B15ECAC00770C18 /* TRZDefaultViewController.h */,
				346815AE1B15ECAC00770C18 /* TRZDefaultViewController.m */,
			);
			path = "Default Zoom";
			sourceTree = "<group>";
		};
		3468159C1B15DC7200770C18 /* Zoom To Image */ = {
			isa = PBXGroup;
			children = (
				3468159D1B15DC7200770C18 /* TRZCollectionViewCollectionViewController.h */,
				3468159E1B15DC7200770C18 /* TRZCollectionViewCollectionViewController.m */,
				3468159F1B15DC7200770C18 /* TRZSingleAssetViewController.h */,
				346815A01B15DC7200770C18 /* TRZSingleAssetViewController.m */,
			);
			path = "Zoom To Image";
			sourceTree = "<group>";
		};
		346815A11B15DC7200770C18 /* Zoom To Rect */ = {
			isa = PBXGroup;
			children = (
				346815A21B15DC7200770C18 /* TRZSecondaryNavigationController.h */,
				346815A31B15DC7200770C18 /* TRZSecondaryNavigationController.m */,
				346815A41B15DC7200770C18 /* TRZSettingsViewController.h */,
				346815A51B15DC7200770C18 /* TRZSettingsViewController.m */,
				346815A61B15DC7200770C18 /* TRZViewController.h */,
				346815A71B15DC7200770C18 /* TRZViewController.m */,
			);
			path = "Zoom To Rect";
			sourceTree = "<group>";
		};
		3479FD0F1B14B27500906F8C /* Business Logic */ = {
			isa = PBXGroup;
			children = (
				3479FD101B14B27500906F8C /* Services */,
			);
			path = "Business Logic";
			sourceTree = "<group>";
		};
		3479FD101B14B27500906F8C /* Services */ = {
			isa = PBXGroup;
			children = (
				3479FD111B14B29300906F8C /* TRTransitionCoordinator.h */,
				3479FD121B14B29300906F8C /* TRTransitionCoordinator.m */,
			);
			path = Services;
			sourceTree = "<group>";
		};
		873C685EEA64DD3DFA5BC3A3 /* Frameworks */ = {
			isa = PBXGroup;
			children = (
				65C0977CC319191146D86C3F /* libPods.a */,
			);
			name = Frameworks;
			sourceTree = "<group>";
		};
/* End PBXGroup section */

/* Begin PBXNativeTarget section */
		3456A9371ACD673200EA74B0 /* TRZoomTransition-Sample */ = {
			isa = PBXNativeTarget;
			buildConfigurationList = 3456A95B1ACD673200EA74B0 /* Build configuration list for PBXNativeTarget "TRZoomTransition-Sample" */;
			buildPhases = (
				5065936C2F9B28282BAA8497 /* Check Pods Manifest.lock */,
				3456A9341ACD673200EA74B0 /* Sources */,
				3456A9351ACD673200EA74B0 /* Frameworks */,
				3456A9361ACD673200EA74B0 /* Resources */,
				C9F8AE295D2F69E5EDA1212C /* Copy Pods Resources */,
				C772BBB97F01804EABA22B30 /* Embed Pods Frameworks */,
			);
			buildRules = (
			);
			dependencies = (
			);
			name = "TRZoomTransition-Sample";
			productName = "TRZoomTransition-Sample";
			productReference = 3456A9381ACD673200EA74B0 /* TRZoomTransition-Sample.app */;
			productType = "com.apple.product-type.application";
		};
		3456A9501ACD673200EA74B0 /* TRZoomTransition-SampleTests */ = {
			isa = PBXNativeTarget;
			buildConfigurationList = 3456A95E1ACD673200EA74B0 /* Build configuration list for PBXNativeTarget "TRZoomTransition-SampleTests" */;
			buildPhases = (
				3456A94D1ACD673200EA74B0 /* Sources */,
				3456A94E1ACD673200EA74B0 /* Frameworks */,
				3456A94F1ACD673200EA74B0 /* Resources */,
			);
			buildRules = (
			);
			dependencies = (
				3456A9531ACD673200EA74B0 /* PBXTargetDependency */,
			);
			name = "TRZoomTransition-SampleTests";
			productName = "TRZoomTransition-SampleTests";
			productReference = 3456A9511ACD673200EA74B0 /* TRZoomTransition-SampleTests.xctest */;
			productType = "com.apple.product-type.bundle.unit-test";
		};
/* End PBXNativeTarget section */

/* Begin PBXProject section */
		3456A9301ACD673200EA74B0 /* Project object */ = {
			isa = PBXProject;
			attributes = {
				LastUpgradeCheck = 0610;
				ORGANIZATIONNAME = "Thomson Reuters";
				TargetAttributes = {
					3456A9371ACD673200EA74B0 = {
						CreatedOnToolsVersion = 6.1;
					};
					3456A9501ACD673200EA74B0 = {
						CreatedOnToolsVersion = 6.1;
						TestTargetID = 3456A9371ACD673200EA74B0;
					};
				};
			};
			buildConfigurationList = 3456A9331ACD673200EA74B0 /* Build configuration list for PBXProject "TRZoomTransition-Sample" */;
			compatibilityVersion = "Xcode 3.2";
			developmentRegion = English;
			hasScannedForEncodings = 0;
			knownRegions = (
				en,
				Base,
			);
			mainGroup = 3456A92F1ACD673200EA74B0;
			productRefGroup = 3456A9391ACD673200EA74B0 /* Products */;
			projectDirPath = "";
			projectRoot = "";
			targets = (
				3456A9371ACD673200EA74B0 /* TRZoomTransition-Sample */,
				3456A9501ACD673200EA74B0 /* TRZoomTransition-SampleTests */,
			);
		};
/* End PBXProject section */

/* Begin PBXResourcesBuildPhase section */
		3456A9361ACD673200EA74B0 /* Resources */ = {
			isa = PBXResourcesBuildPhase;
			buildActionMask = 2147483647;
			files = (
				3456A9471ACD673200EA74B0 /* Main.storyboard in Resources */,
				3456A9E81ACDB20C00EA74B0 /* TRZCollectionViewCell.xib in Resources */,
				3456A94C1ACD673200EA74B0 /* LaunchScreen.xib in Resources */,
				3456A9491ACD673200EA74B0 /* Images.xcassets in Resources */,
			);
			runOnlyForDeploymentPostprocessing = 0;
		};
		3456A94F1ACD673200EA74B0 /* Resources */ = {
			isa = PBXResourcesBuildPhase;
			buildActionMask = 2147483647;
			files = (
			);
			runOnlyForDeploymentPostprocessing = 0;
		};
/* End PBXResourcesBuildPhase section */

/* Begin PBXShellScriptBuildPhase section */
		5065936C2F9B28282BAA8497 /* Check Pods Manifest.lock */ = {
			isa = PBXShellScriptBuildPhase;
			buildActionMask = 2147483647;
			files = (
			);
			inputPaths = (
			);
			name = "Check Pods Manifest.lock";
			outputPaths = (
			);
			runOnlyForDeploymentPostprocessing = 0;
			shellPath = /bin/sh;
			shellScript = "diff \"${PODS_ROOT}/../Podfile.lock\" \"${PODS_ROOT}/Manifest.lock\" > /dev/null\nif [[ $? != 0 ]] ; then\n    cat << EOM\nerror: The sandbox is not in sync with the Podfile.lock. Run 'pod install' or update your CocoaPods installation.\nEOM\n    exit 1\nfi\n";
			showEnvVarsInLog = 0;
		};
		C772BBB97F01804EABA22B30 /* Embed Pods Frameworks */ = {
			isa = PBXShellScriptBuildPhase;
			buildActionMask = 2147483647;
			files = (
			);
			inputPaths = (
			);
			name = "Embed Pods Frameworks";
			outputPaths = (
			);
			runOnlyForDeploymentPostprocessing = 0;
			shellPath = /bin/sh;
			shellScript = "\"${SRCROOT}/Pods/Target Support Files/Pods/Pods-frameworks.sh\"\n";
			showEnvVarsInLog = 0;
		};
		C9F8AE295D2F69E5EDA1212C /* Copy Pods Resources */ = {
			isa = PBXShellScriptBuildPhase;
			buildActionMask = 2147483647;
			files = (
			);
			inputPaths = (
			);
			name = "Copy Pods Resources";
			outputPaths = (
			);
			runOnlyForDeploymentPostprocessing = 0;
			shellPath = /bin/sh;
			shellScript = "\"${SRCROOT}/Pods/Target Support Files/Pods/Pods-resources.sh\"\n";
			showEnvVarsInLog = 0;
		};
/* End PBXShellScriptBuildPhase section */

/* Begin PBXSourcesBuildPhase section */
		3456A9341ACD673200EA74B0 /* Sources */ = {
			isa = PBXSourcesBuildPhase;
			buildActionMask = 2147483647;
			files = (
				3479FD131B14B29300906F8C /* TRTransitionCoordinator.m in Sources */,
				3456A9411ACD673200EA74B0 /* AppDelegate.m in Sources */,
				346815A81B15DC7200770C18 /* TRZCollectionViewCollectionViewController.m in Sources */,
				346815A91B15DC7200770C18 /* TRZSingleAssetViewController.m in Sources */,
				348B85181B01060F00AF167F /* TRZNavigationController.m in Sources */,
				346815AA1B15DC7200770C18 /* TRZSecondaryNavigationController.m in Sources */,
				3456A9E71ACDB20C00EA74B0 /* TRZCollectionViewCell.m in Sources */,
				346815AF1B15ECAC00770C18 /* TRZDefaultViewController.m in Sources */,
				3456A93E1ACD673200EA74B0 /* main.m in Sources */,
				346815AB1B15DC7200770C18 /* TRZSettingsViewController.m in Sources */,
				346815AC1B15DC7200770C18 /* TRZViewController.m in Sources */,
			);
			runOnlyForDeploymentPostprocessing = 0;
		};
		3456A94D1ACD673200EA74B0 /* Sources */ = {
			isa = PBXSourcesBuildPhase;
			buildActionMask = 2147483647;
			files = (
				3456A9581ACD673200EA74B0 /* TRZoomTransition_SampleTests.m in Sources */,
			);
			runOnlyForDeploymentPostprocessing = 0;
		};
/* End PBXSourcesBuildPhase section */

/* Begin PBXTargetDependency section */
		3456A9531ACD673200EA74B0 /* PBXTargetDependency */ = {
			isa = PBXTargetDependency;
			target = 3456A9371ACD673200EA74B0 /* TRZoomTransition-Sample */;
			targetProxy = 3456A9521ACD673200EA74B0 /* PBXContainerItemProxy */;
		};
/* End PBXTargetDependency section */

/* Begin PBXVariantGroup section */
		3456A9451ACD673200EA74B0 /* Main.storyboard */ = {
			isa = PBXVariantGroup;
			children = (
				3456A9461ACD673200EA74B0 /* Base */,
			);
			name = Main.storyboard;
			sourceTree = "<group>";
		};
		3456A94A1ACD673200EA74B0 /* LaunchScreen.xib */ = {
			isa = PBXVariantGroup;
			children = (
				3456A94B1ACD673200EA74B0 /* Base */,
			);
			name = LaunchScreen.xib;
			sourceTree = "<group>";
		};
/* End PBXVariantGroup section */

/* Begin XCBuildConfiguration section */
		3456A9591ACD673200EA74B0 /* Debug */ = {
			isa = XCBuildConfiguration;
			buildSettings = {
				ALWAYS_SEARCH_USER_PATHS = NO;
				CLANG_CXX_LANGUAGE_STANDARD = "gnu++0x";
				CLANG_CXX_LIBRARY = "libc++";
				CLANG_ENABLE_MODULES = YES;
				CLANG_ENABLE_OBJC_ARC = YES;
				CLANG_WARN_BOOL_CONVERSION = YES;
				CLANG_WARN_CONSTANT_CONVERSION = YES;
				CLANG_WARN_DIRECT_OBJC_ISA_USAGE = YES_ERROR;
				CLANG_WARN_EMPTY_BODY = YES;
				CLANG_WARN_ENUM_CONVERSION = YES;
				CLANG_WARN_INT_CONVERSION = YES;
				CLANG_WARN_OBJC_ROOT_CLASS = YES_ERROR;
				CLANG_WARN_UNREACHABLE_CODE = YES;
				CLANG_WARN__DUPLICATE_METHOD_MATCH = YES;
				"CODE_SIGN_IDENTITY[sdk=iphoneos*]" = "iPhone Developer";
				COPY_PHASE_STRIP = NO;
				ENABLE_STRICT_OBJC_MSGSEND = YES;
				GCC_C_LANGUAGE_STANDARD = gnu99;
				GCC_DYNAMIC_NO_PIC = NO;
				GCC_OPTIMIZATION_LEVEL = 0;
				GCC_PREPROCESSOR_DEFINITIONS = (
					"DEBUG=1",
					"$(inherited)",
				);
				GCC_SYMBOLS_PRIVATE_EXTERN = NO;
				GCC_WARN_64_TO_32_BIT_CONVERSION = YES;
				GCC_WARN_ABOUT_RETURN_TYPE = YES_ERROR;
				GCC_WARN_UNDECLARED_SELECTOR = YES;
				GCC_WARN_UNINITIALIZED_AUTOS = YES_AGGRESSIVE;
				GCC_WARN_UNUSED_FUNCTION = YES;
				GCC_WARN_UNUSED_VARIABLE = YES;
				IPHONEOS_DEPLOYMENT_TARGET = 8.1;
				MTL_ENABLE_DEBUG_INFO = YES;
				ONLY_ACTIVE_ARCH = YES;
				SDKROOT = iphoneos;
			};
			name = Debug;
		};
		3456A95A1ACD673200EA74B0 /* Release */ = {
			isa = XCBuildConfiguration;
			buildSettings = {
				ALWAYS_SEARCH_USER_PATHS = NO;
				CLANG_CXX_LANGUAGE_STANDARD = "gnu++0x";
				CLANG_CXX_LIBRARY = "libc++";
				CLANG_ENABLE_MODULES = YES;
				CLANG_ENABLE_OBJC_ARC = YES;
				CLANG_WARN_BOOL_CONVERSION = YES;
				CLANG_WARN_CONSTANT_CONVERSION = YES;
				CLANG_WARN_DIRECT_OBJC_ISA_USAGE = YES_ERROR;
				CLANG_WARN_EMPTY_BODY = YES;
				CLANG_WARN_ENUM_CONVERSION = YES;
				CLANG_WARN_INT_CONVERSION = YES;
				CLANG_WARN_OBJC_ROOT_CLASS = YES_ERROR;
				CLANG_WARN_UNREACHABLE_CODE = YES;
				CLANG_WARN__DUPLICATE_METHOD_MATCH = YES;
				"CODE_SIGN_IDENTITY[sdk=iphoneos*]" = "iPhone Developer";
				COPY_PHASE_STRIP = YES;
				ENABLE_NS_ASSERTIONS = NO;
				ENABLE_STRICT_OBJC_MSGSEND = YES;
				GCC_C_LANGUAGE_STANDARD = gnu99;
				GCC_WARN_64_TO_32_BIT_CONVERSION = YES;
				GCC_WARN_ABOUT_RETURN_TYPE = YES_ERROR;
				GCC_WARN_UNDECLARED_SELECTOR = YES;
				GCC_WARN_UNINITIALIZED_AUTOS = YES_AGGRESSIVE;
				GCC_WARN_UNUSED_FUNCTION = YES;
				GCC_WARN_UNUSED_VARIABLE = YES;
				IPHONEOS_DEPLOYMENT_TARGET = 8.1;
				MTL_ENABLE_DEBUG_INFO = NO;
				SDKROOT = iphoneos;
				VALIDATE_PRODUCT = YES;
			};
			name = Release;
		};
		3456A95C1ACD673200EA74B0 /* Debug */ = {
			isa = XCBuildConfiguration;
			baseConfigurationReference = B46C2D5B2B9260A589A0E552 /* Pods.debug.xcconfig */;
			buildSettings = {
				ASSETCATALOG_COMPILER_APPICON_NAME = AppIcon;
				GCC_PREFIX_HEADER = "TRZoomTransition-Sample/TRZoomTransition-Sample.pch";
				INFOPLIST_FILE = "TRZoomTransition-Sample/Info.plist";
				LD_RUNPATH_SEARCH_PATHS = "$(inherited) @executable_path/Frameworks";
				PRODUCT_NAME = "$(TARGET_NAME)";
			};
			name = Debug;
		};
		3456A95D1ACD673200EA74B0 /* Release */ = {
			isa = XCBuildConfiguration;
			baseConfigurationReference = E0CCA96EAD36BCA2085AE91E /* Pods.release.xcconfig */;
			buildSettings = {
				ASSETCATALOG_COMPILER_APPICON_NAME = AppIcon;
				GCC_PREFIX_HEADER = "TRZoomTransition-Sample/TRZoomTransition-Sample.pch";
				INFOPLIST_FILE = "TRZoomTransition-Sample/Info.plist";
				LD_RUNPATH_SEARCH_PATHS = "$(inherited) @executable_path/Frameworks";
				PRODUCT_NAME = "$(TARGET_NAME)";
			};
			name = Release;
		};
		3456A95F1ACD673200EA74B0 /* Debug */ = {
			isa = XCBuildConfiguration;
			buildSettings = {
				BUNDLE_LOADER = "$(TEST_HOST)";
				FRAMEWORK_SEARCH_PATHS = (
					"$(SDKROOT)/Developer/Library/Frameworks",
					"$(inherited)",
				);
				GCC_PREPROCESSOR_DEFINITIONS = (
					"DEBUG=1",
					"$(inherited)",
				);
				INFOPLIST_FILE = "TRZoomTransition-SampleTests/Info.plist";
				LD_RUNPATH_SEARCH_PATHS = "$(inherited) @executable_path/Frameworks @loader_path/Frameworks";
				PRODUCT_NAME = "$(TARGET_NAME)";
				TEST_HOST = "$(BUILT_PRODUCTS_DIR)/TRZoomTransition-Sample.app/TRZoomTransition-Sample";
			};
			name = Debug;
		};
		3456A9601ACD673200EA74B0 /* Release */ = {
			isa = XCBuildConfiguration;
			buildSettings = {
				BUNDLE_LOADER = "$(TEST_HOST)";
				FRAMEWORK_SEARCH_PATHS = (
					"$(SDKROOT)/Developer/Library/Frameworks",
					"$(inherited)",
				);
				INFOPLIST_FILE = "TRZoomTransition-SampleTests/Info.plist";
				LD_RUNPATH_SEARCH_PATHS = "$(inherited) @executable_path/Frameworks @loader_path/Frameworks";
				PRODUCT_NAME = "$(TARGET_NAME)";
				TEST_HOST = "$(BUILT_PRODUCTS_DIR)/TRZoomTransition-Sample.app/TRZoomTransition-Sample";
			};
			name = Release;
		};
/* End XCBuildConfiguration section */

/* Begin XCConfigurationList section */
		3456A9331ACD673200EA74B0 /* Build configuration list for PBXProject "TRZoomTransition-Sample" */ = {
			isa = XCConfigurationList;
			buildConfigurations = (
				3456A9591ACD673200EA74B0 /* Debug */,
				3456A95A1ACD673200EA74B0 /* Release */,
			);
			defaultConfigurationIsVisible = 0;
			defaultConfigurationName = Release;
		};
		3456A95B1ACD673200EA74B0 /* Build configuration list for PBXNativeTarget "TRZoomTransition-Sample" */ = {
			isa = XCConfigurationList;
			buildConfigurations = (
				3456A95C1ACD673200EA74B0 /* Debug */,
				3456A95D1ACD673200EA74B0 /* Release */,
			);
			defaultConfigurationIsVisible = 0;
			defaultConfigurationName = Release;
		};
		3456A95E1ACD673200EA74B0 /* Build configuration list for PBXNativeTarget "TRZoomTransition-SampleTests" */ = {
			isa = XCConfigurationList;
			buildConfigurations = (
				3456A95F1ACD673200EA74B0 /* Debug */,
				3456A9601ACD673200EA74B0 /* Release */,
			);
			defaultConfigurationIsVisible = 0;
			defaultConfigurationName = Release;
		};
/* End XCConfigurationList section */
	};
	rootObject = 3456A9301ACD673200EA74B0 /* Project object */;
}
